{
  "name": "seeds-game",
  "version": "1.0.0",
  "lockfileVersion": 2,
  "requires": true,
  "packages": {
    "": {
      "name": "seeds-game",
      "version": "1.0.0",
      "license": "MIT",
      "devDependencies": {
        "@types/howler": "^2.2.2",
        "howler": "^2.2.1",
        "pepjs": "^0.5.3"
      }
    },
    "node_modules/@types/howler": {
      "version": "2.2.2",
      "resolved": "https://registry.npmjs.org/@types/howler/-/howler-2.2.2.tgz",
      "integrity": "sha512-/znab/CjipQ25epk7YcsoEsR96rB77Y/fCLMaNtIzV5oPeUeilc7dYGyMjYi+OQklkllADLM+jGZRSt3d6lhiA==",
      "dev": true
    },
    "node_modules/howler": {
      "version": "2.2.1",
      "resolved": "https://registry.npmjs.org/howler/-/howler-2.2.1.tgz",
      "integrity": "sha512-0iIXvuBO/81CcrQ/HSSweYmbT50fT2mIc9XMFb+kxIfk2pW/iKzDbX1n3fZmDXMEIpYvyyfrB+gXwPYSDqUxIQ==",
      "dev": true
    },
    "node_modules/pepjs": {
      "version": "0.5.3",
      "resolved": "https://registry.npmjs.org/pepjs/-/pepjs-0.5.3.tgz",
      "integrity": "sha512-5yHVB9OHqKd9fr/OIsn8ss0NgThQ9buaqrEuwr9Or5YjPp6h+WTDKWZI+xZLaBGZCtODTnFtlSHNmhFsq67THg==",
      "dev": true
    }
  },
  "dependencies": {
    "@types/howler": {
      "version": "2.2.2",
      "resolved": "https://registry.npmjs.org/@types/howler/-/howler-2.2.2.tgz",
      "integrity": "sha512-/znab/CjipQ25epk7YcsoEsR96rB77Y/fCLMaNtIzV5oPeUeilc7dYGyMjYi+OQklkllADLM+jGZRSt3d6lhiA==",
      "dev": true
    },
    "howler": {
      "version": "2.2.1",
      "resolved": "https://registry.npmjs.org/howler/-/howler-2.2.1.tgz",
      "integrity": "sha512-0iIXvuBO/81CcrQ/HSSweYmbT50fT2mIc9XMFb+kxIfk2pW/iKzDbX1n3fZmDXMEIpYvyyfrB+gXwPYSDqUxIQ==",
      "dev": true
    },
    "pepjs": {
      "version": "0.5.3",
      "resolved": "https://registry.npmjs.org/pepjs/-/pepjs-0.5.3.tgz",
      "integrity": "sha512-5yHVB9OHqKd9fr/OIsn8ss0NgThQ9buaqrEuwr9Or5YjPp6h+WTDKWZI+xZLaBGZCtODTnFtlSHNmhFsq67THg==",
      "dev": true
    }
  }
}
